%{
  "bricks": {:hex, :bricks, "0.1.0", "d00c5c4e190df10a553a4ccf7dd6701afbd4c40c5375829e54962bdeefce6b61", [:mix], [{:stream_data, "~> 0.4", [hex: :stream_data, repo: "hexpm", optional: true]}], "hexpm"},
  "jason": {:hex, :jason, "1.1.2", "b03dedea67a99223a2eaf9f1264ce37154564de899fd3d8b9a21b1a6fd64afe7", [:mix], [{:decimal, "~> 1.0", [hex: :decimal, repo: "hexpm", optional: true]}], "hexpm"},
}
